{
  "name": "node",
  "version": "1.0.0",
  "lockfileVersion": 1,
  "requires": true,
  "dependencies": {
    "date-format": {
      "version": "3.0.0",
      "resolved": "https://registry.npmjs.org/date-format/-/date-format-3.0.0.tgz",
      "integrity": "sha512-eyTcpKOcamdhWJXj56DpQMo1ylSQpcGtGKXcU0Tb97+K56/CF5amAqqqNj0+KvA0iw2ynxtHWFsPDSClCxe48w=="
    },
    "lodash": {
      "version": "4.17.15",
      "resolved": "https://registry.npmjs.org/lodash/-/lodash-4.17.15.tgz",
      "integrity": "sha512-8xOcRHvCjnocdS5cpwXQXVzmmh5e5+saE2QGoeQmbKmRS6J3VQppPOIt0MnmE+4xlZoumy0GPG0D0MVIQbNA1A=="
    },
    "log": {
      "version": "1.4.0",
      "resolved": "https://registry.npmjs.org/log/-/log-1.4.0.tgz",
      "integrity": "sha1-S6HYkP3iSbAx3KA7w36q8yVlbxw="
    },
    "numeral": {
      "version": "2.0.6",
      "resolved": "https://registry.npmjs.org/numeral/-/numeral-2.0.6.tgz",
      "integrity": "sha1-StCAk21EPCVhrtnyGX7//iX05QY="
    },
    "performance": {
      "version": "1.4.0",
      "resolved": "https://registry.npmjs.org/performance/-/performance-1.4.0.tgz",
      "integrity": "sha512-0e98N5lSIe7Nuts/4MW/6D1q+c5qT74yEv/t/TneeFeGl5wgoaiDzQPSvNL/Qe5vFFRvQsqHCrv83Y4GB33Xnw==",
      "requires": {
        "stdio": "*",
        "testing": "*"
      }
    },
    "stdio": {
      "version": "2.1.1",
      "resolved": "https://registry.npmjs.org/stdio/-/stdio-2.1.1.tgz",
      "integrity": "sha512-ZHO7SD10nZnc2pMN85MPPTCKutXPKH+7Z50B7zt/JRNAHXLbI3BidMc9HFD/j2VupZ8lQdSVJB0ebZSVXC6uXw=="
    },
    "testing": {
      "version": "2.0.1",
      "resolved": "https://registry.npmjs.org/testing/-/testing-2.0.1.tgz",
      "integrity": "sha512-2zQ08tZ0fm7ziEsST6DIzIear/sz7AntmxlGsBm+1OPY1ymVzc9HGcLqLuJhwON1npQW/M2eRsukPliSSma+1Q==",
      "requires": {
        "log": "1.4.0"
      }
    }
  }
}
